
Microsoft Visual Studio Solution File, Format Version 12.00
# Visual Studio Version 17
VisualStudioVersion = 17.11.35327.3
MinimumVisualStudioVersion = 10.0.40219.1
Project("{FAE04EC0-301F-11D3-BF4B-00C04F79EFBC}") = "DSCC.CW1.Frontend.14669", "DSCC.CW1.Frontend.14669\DSCC.CW1.Frontend.14669.csproj", "{0B8FE72F-761D-4897-BA8F-738E7E8272EB}"
EndProject
Global
	GlobalSection(SolutionConfigurationPlatforms) = preSolution
		Debug|Any CPU = Debug|Any CPU
		Release|Any CPU = Release|Any CPU
	EndGlobalSection
	GlobalSection(ProjectConfigurationPlatforms) = postSolution
		{0B8FE72F-761D-4897-BA8F-738E7E8272EB}.Debug|Any CPU.ActiveCfg = Debug|Any CPU
		{0B8FE72F-761D-4897-BA8F-738E7E8272EB}.Debug|Any CPU.Build.0 = Debug|Any CPU
		{0B8FE72F-761D-4897-BA8F-738E7E8272EB}.Release|Any CPU.ActiveCfg = Release|Any CPU
		{0B8FE72F-761D-4897-BA8F-738E7E8272EB}.Release|Any CPU.Build.0 = Release|Any CPU
	EndGlobalSection
	GlobalSection(SolutionProperties) = preSolution
		HideSolutionNode = FALSE
	EndGlobalSection
	GlobalSection(ExtensibilityGlobals) = postSolution
		SolutionGuid = {5F9F6AB2-3EE9-4CE1-82FA-74D7ED206478}
	EndGlobalSection
EndGlobal
